// !$*UTF8*$!
{
	archiveVersion = 1;
	classes = {
	};
	objectVersion = 48;
	objects = {

/* Begin PBXBuildFile section */
		0A2E0C01206BD2A20061953B /* UIDevice+Addtion.m in Sources */ = {isa = PBXBuildFile; fileRef = 0A2E0C00206BD2A20061953B /* UIDevice+Addtion.m */; };
		0A3059421FFC6E910092DF94 /* SlideViewController.m in Sources */ = {isa = PBXBuildFile; fileRef = 0A3059401FFC6E910092DF94 /* SlideViewController.m */; };
		0A3059431FFC6E910092DF94 /* SlideViewController.xib in Resources */ = {isa = PBXBuildFile; fileRef = 0A3059411FFC6E910092DF94 /* SlideViewController.xib */; };
		0A3059471FFC800C0092DF94 /* JLNavigationController.m in Sources */ = {isa = PBXBuildFile; fileRef = 0A3059461FFC800C0092DF94 /* JLNavigationController.m */; };
		0A30594B1FFC87920092DF94 /* NSObject+DLIntrospection.m in Sources */ = {isa = PBXBuildFile; fileRef = 0A30594A1FFC87920092DF94 /* NSObject+DLIntrospection.m */; };
		0A36886F20E6482E0077BA89 /* GCDViewController.m in Sources */ = {isa = PBXBuildFile; fileRef = 0A36886E20E6482E0077BA89 /* GCDViewController.m */; };
		0A36AF8721EC21E7005E2105 /* NSString+Addition.m in Sources */ = {isa = PBXBuildFile; fileRef = 0A36AF8621EC21E7005E2105 /* NSString+Addition.m */; };
		0A36AF8921EC224F005E2105 /* NSStringAdditionTests.m in Sources */ = {isa = PBXBuildFile; fileRef = 0A36AF8821EC224F005E2105 /* NSStringAdditionTests.m */; };
		0A36AF8A21EC225D005E2105 /* NSString+Addition.m in Sources */ = {isa = PBXBuildFile; fileRef = 0A36AF8621EC21E7005E2105 /* NSString+Addition.m */; };
		0A4F5B1E1F9EDD6C00140E82 /* JLGradientButton.m in Sources */ = {isa = PBXBuildFile; fileRef = 0A4F5B1D1F9EDD6C00140E82 /* JLGradientButton.m */; };
		0A5604651FF5E3C800A42929 /* ResponderView.m in Sources */ = {isa = PBXBuildFile; fileRef = 0A5604641FF5E3C800A42929 /* ResponderView.m */; };
		0A58035B1F7A01D1000B5192 /* AppDelegate.m in Sources */ = {isa = PBXBuildFile; fileRef = 0A58035A1F7A01D1000B5192 /* AppDelegate.m */; };
		0A58035E1F7A01D1000B5192 /* ViewController.m in Sources */ = {isa = PBXBuildFile; fileRef = 0A58035D1F7A01D1000B5192 /* ViewController.m */; };
		0A5803611F7A01D1000B5192 /* Main.storyboard in Resources */ = {isa = PBXBuildFile; fileRef = 0A58035F1F7A01D1000B5192 /* Main.storyboard */; };
		0A5803631F7A01D1000B5192 /* Assets.xcassets in Resources */ = {isa = PBXBuildFile; fileRef = 0A5803621F7A01D1000B5192 /* Assets.xcassets */; };
		0A5803661F7A01D1000B5192 /* LaunchScreen.storyboard in Resources */ = {isa = PBXBuildFile; fileRef = 0A5803641F7A01D1000B5192 /* LaunchScreen.storyboard */; };
		0A5803691F7A01D1000B5192 /* main.m in Sources */ = {isa = PBXBuildFile; fileRef = 0A5803681F7A01D1000B5192 /* main.m */; };
		0A5803731F7A01D2000B5192 /* testTests.m in Sources */ = {isa = PBXBuildFile; fileRef = 0A5803721F7A01D2000B5192 /* testTests.m */; };
		0A58037E1F7A01D2000B5192 /* testUITests.m in Sources */ = {isa = PBXBuildFile; fileRef = 0A58037D1F7A01D2000B5192 /* testUITests.m */; };
		0A5803931F7A0282000B5192 /* MehtodSignature.m in Sources */ = {isa = PBXBuildFile; fileRef = 0A5803921F7A0282000B5192 /* MehtodSignature.m */; };
		0A5C56B12064B1B0009A1813 /* NSSafeMuDictionary.m in Sources */ = {isa = PBXBuildFile; fileRef = 0A5C56B02064B1B0009A1813 /* NSSafeMuDictionary.m */; };
		0A5C56B42064CF2F009A1813 /* SafeArrayTool.m in Sources */ = {isa = PBXBuildFile; fileRef = 0A5C56B32064CF2F009A1813 /* SafeArrayTool.m */; };
		0A5CA3401FECA77900EC170F /* Animal.m in Sources */ = {isa = PBXBuildFile; fileRef = 0A5CA33F1FECA77900EC170F /* Animal.m */; };
		0A5D45D02063578900DC78F7 /* DBTool.m in Sources */ = {isa = PBXBuildFile; fileRef = 0A5D45CF2063578900DC78F7 /* DBTool.m */; };
		0A61116220E8ACEC008CE53F /* WebViewController.m in Sources */ = {isa = PBXBuildFile; fileRef = 0A61116020E8ACEC008CE53F /* WebViewController.m */; };
		0A61116320E8ACEC008CE53F /* WebViewController.xib in Resources */ = {isa = PBXBuildFile; fileRef = 0A61116120E8ACEC008CE53F /* WebViewController.xib */; };
		0A61116520E8AEDE008CE53F /* WebKit.framework in Frameworks */ = {isa = PBXBuildFile; fileRef = 0A61116420E8AEDD008CE53F /* WebKit.framework */; };
		0A640F1D1FC6D37100B69AFA /* GestureViewController.m in Sources */ = {isa = PBXBuildFile; fileRef = 0A640F1C1FC6D37100B69AFA /* GestureViewController.m */; };
		0A640F201FC6D7E600B69AFA /* GestureLabel.m in Sources */ = {isa = PBXBuildFile; fileRef = 0A640F1F1FC6D7E600B69AFA /* GestureLabel.m */; };
		0A6BCCE01FBABF5700D327AE /* IMBoard.m in Sources */ = {isa = PBXBuildFile; fileRef = 0A6BCCDF1FBABF5700D327AE /* IMBoard.m */; };
		0A6BD2261FD630FC00D13E33 /* APIViewController.m in Sources */ = {isa = PBXBuildFile; fileRef = 0A6BD2241FD630FC00D13E33 /* APIViewController.m */; };
		0A6BD2271FD630FC00D13E33 /* APIViewController.xib in Resources */ = {isa = PBXBuildFile; fileRef = 0A6BD2251FD630FC00D13E33 /* APIViewController.xib */; };
		0A768B1C208369850086AA40 /* JLPresentAnimation.m in Sources */ = {isa = PBXBuildFile; fileRef = 0A768B1B208369850086AA40 /* JLPresentAnimation.m */; };
		0A768B1F2083738F0086AA40 /* JLAnimationPresentationController.m in Sources */ = {isa = PBXBuildFile; fileRef = 0A768B1E2083738F0086AA40 /* JLAnimationPresentationController.m */; };
		0A7C408A200701F500174650 /* Person.m in Sources */ = {isa = PBXBuildFile; fileRef = 0A7C4089200701F500174650 /* Person.m */; };
		0A7C408E20073CE300174650 /* PhotoKitViewController.m in Sources */ = {isa = PBXBuildFile; fileRef = 0A7C408D20073CE300174650 /* PhotoKitViewController.m */; };
		0A7C409020073CED00174650 /* PhotoKitViewController.xib in Resources */ = {isa = PBXBuildFile; fileRef = 0A7C408F20073CED00174650 /* PhotoKitViewController.xib */; };
		0A826D5C20DFD4C000338617 /* TVViewController.m in Sources */ = {isa = PBXBuildFile; fileRef = 0A826D5B20DFD4C000338617 /* TVViewController.m */; };
		0A83D4E120DA4DCF00F8F231 /* BBSDrawView.m in Sources */ = {isa = PBXBuildFile; fileRef = 0A83D4E020DA4DCF00F8F231 /* BBSDrawView.m */; };
		0A8F226E1F7B7E8200499EFD /* TestViewController.m in Sources */ = {isa = PBXBuildFile; fileRef = 0A8F226C1F7B7E8200499EFD /* TestViewController.m */; };
		0A8F226F1F7B7E8200499EFD /* TestViewController.xib in Resources */ = {isa = PBXBuildFile; fileRef = 0A8F226D1F7B7E8200499EFD /* TestViewController.xib */; };
		0A948BDF2080B57E002BD6C7 /* NSString+formatter.m in Sources */ = {isa = PBXBuildFile; fileRef = 0A948BDE2080B57E002BD6C7 /* NSString+formatter.m */; };
		0A948BE52080B6FB002BD6C7 /* NSDate+compare.m in Sources */ = {isa = PBXBuildFile; fileRef = 0A948BE42080B6FB002BD6C7 /* NSDate+compare.m */; };
		0A948BE72080B7B5002BD6C7 /* testDate.m in Sources */ = {isa = PBXBuildFile; fileRef = 0A948BE62080B7B5002BD6C7 /* testDate.m */; };
		0A976BB920DB390F00BDE153 /* UIView+Corner.m in Sources */ = {isa = PBXBuildFile; fileRef = 0A976BB820DB390F00BDE153 /* UIView+Corner.m */; };
		0A9F887320E4F52400B44E68 /* TimerViewController.m in Sources */ = {isa = PBXBuildFile; fileRef = 0A9F887220E4F52400B44E68 /* TimerViewController.m */; };
		0AA47ACF20160DAB00242C4D /* preview_2.mov in Resources */ = {isa = PBXBuildFile; fileRef = 0AA47ACD20160DAA00242C4D /* preview_2.mov */; };
		0AA47AD020160DAB00242C4D /* preview_2的副本.123314.mov in Resources */ = {isa = PBXBuildFile; fileRef = 0AA47ACE20160DAB00242C4D /* preview_2的副本.123314.mov */; };
		0AA47AD2201610E000242C4D /* changming.png in Resources */ = {isa = PBXBuildFile; fileRef = 0AA47AD1201610E000242C4D /* changming.png */; };
		0AB886F220A3E49D003F2734 /* CollectionViewController.m in Sources */ = {isa = PBXBuildFile; fileRef = 0AB886F120A3E49D003F2734 /* CollectionViewController.m */; };
		0AB886F620A3E4DB003F2734 /* TestCollectionViewCell.m in Sources */ = {isa = PBXBuildFile; fileRef = 0AB886F420A3E4DB003F2734 /* TestCollectionViewCell.m */; };
		0AB886F720A3E4DB003F2734 /* TestCollectionViewCell.xib in Resources */ = {isa = PBXBuildFile; fileRef = 0AB886F520A3E4DB003F2734 /* TestCollectionViewCell.xib */; };
		0ABA452121E874CA007DA894 /* MehtodSignature.m in Sources */ = {isa = PBXBuildFile; fileRef = 0A5803921F7A0282000B5192 /* MehtodSignature.m */; };
		0AC0ACA920BFBD5D00D3185E /* PlayerViewController.m in Sources */ = {isa = PBXBuildFile; fileRef = 0AC0ACA820BFBD5D00D3185E /* PlayerViewController.m */; };
		0AD0FEA520614F5D006678F4 /* SingleModel.m in Sources */ = {isa = PBXBuildFile; fileRef = 0AD0FEA420614F5D006678F4 /* SingleModel.m */; };
		0AD77DA920E7558E00330F2C /* GestureViewController.xib in Resources */ = {isa = PBXBuildFile; fileRef = 0AD77DA820E7558E00330F2C /* GestureViewController.xib */; };
		0AD77DB120E763AE00330F2C /* MGSwipeTableCell.m in Sources */ = {isa = PBXBuildFile; fileRef = 0AD77DAC20E763AE00330F2C /* MGSwipeTableCell.m */; };
		0AD77DB220E763AE00330F2C /* MGSwipeButton.m in Sources */ = {isa = PBXBuildFile; fileRef = 0AD77DAF20E763AE00330F2C /* MGSwipeButton.m */; };
		0AD77DB720E763D500330F2C /* SlideTableViewController.m in Sources */ = {isa = PBXBuildFile; fileRef = 0AD77DB520E763D500330F2C /* SlideTableViewController.m */; };
		0AD77DB820E763D500330F2C /* SlideTableViewController.xib in Resources */ = {isa = PBXBuildFile; fileRef = 0AD77DB620E763D500330F2C /* SlideTableViewController.xib */; };
		0AD77DBB20E76B7600330F2C /* SlideData.m in Sources */ = {isa = PBXBuildFile; fileRef = 0AD77DBA20E76B7600330F2C /* SlideData.m */; };
		0AD77DC020E7706300330F2C /* KeyboardViewController.m in Sources */ = {isa = PBXBuildFile; fileRef = 0AD77DBE20E7706300330F2C /* KeyboardViewController.m */; };
		0AD77DC120E7706300330F2C /* KeyboardViewController.xib in Resources */ = {isa = PBXBuildFile; fileRef = 0AD77DBF20E7706300330F2C /* KeyboardViewController.xib */; };
		0AE45A961F90591D00D738F4 /* KeyWinViewController.m in Sources */ = {isa = PBXBuildFile; fileRef = 0AE45A941F90591D00D738F4 /* KeyWinViewController.m */; };
		0AE45A971F90591D00D738F4 /* KeyWinViewController.xib in Resources */ = {isa = PBXBuildFile; fileRef = 0AE45A951F90591D00D738F4 /* KeyWinViewController.xib */; };
		0AEA6F261F90B0E1008C3E69 /* reward_icon_price_rate@2x.png in Resources */ = {isa = PBXBuildFile; fileRef = 0AEA6F241F90B05B008C3E69 /* reward_icon_price_rate@2x.png */; };
		0AEA6F271F90B0E1008C3E69 /* reward_icon_price_rate@3x.png in Resources */ = {isa = PBXBuildFile; fileRef = 0AEA6F251F90B05B008C3E69 /* reward_icon_price_rate@3x.png */; };
		269B448549997433A8B0D50A /* libPods-testTests.a in Frameworks */ = {isa = PBXBuildFile; fileRef = 612422CE0D061CCBB3748038 /* libPods-testTests.a */; };
		3B7D92282984AE0D04858733 /* libPods-testUITests.a in Frameworks */ = {isa = PBXBuildFile; fileRef = BC7A545D0AFD39E9776C9A01 /* libPods-testUITests.a */; };
		A5A60D313472FD2F526845F5 /* libPods-test.a in Frameworks */ = {isa = PBXBuildFile; fileRef = 1E1AF70F871764CF416A73E9 /* libPods-test.a */; };
/* End PBXBuildFile section */

/* Begin PBXContainerItemProxy section */
		0A58036F1F7A01D2000B5192 /* PBXContainerItemProxy */ = {
			isa = PBXContainerItemProxy;
			containerPortal = 0A58034E1F7A01D1000B5192 /* Project object */;
			proxyType = 1;
			remoteGlobalIDString = 0A5803551F7A01D1000B5192;
			remoteInfo = test;
		};
		0A58037A1F7A01D2000B5192 /* PBXContainerItemProxy */ = {
			isa = PBXContainerItemProxy;
			containerPortal = 0A58034E1F7A01D1000B5192 /* Project object */;
			proxyType = 1;
			remoteGlobalIDString = 0A5803551F7A01D1000B5192;
			remoteInfo = test;
		};
/* End PBXContainerItemProxy section */

/* Begin PBXFileReference section */
		0A2E0BFF206BD2A20061953B /* UIDevice+Addtion.h */ = {isa = PBXFileReference; lastKnownFileType = sourcecode.c.h; path = "UIDevice+Addtion.h"; sourceTree = "<group>"; };
		0A2E0C00206BD2A20061953B /* UIDevice+Addtion.m */ = {isa = PBXFileReference; lastKnownFileType = sourcecode.c.objc; path = "UIDevice+Addtion.m"; sourceTree = "<group>"; };
		0A30593F1FFC6E910092DF94 /* SlideViewController.h */ = {isa = PBXFileReference; lastKnownFileType = sourcecode.c.h; path = SlideViewController.h; sourceTree = "<group>"; };
		0A3059401FFC6E910092DF94 /* SlideViewController.m */ = {isa = PBXFileReference; lastKnownFileType = sourcecode.c.objc; path = SlideViewController.m; sourceTree = "<group>"; };
		0A3059411FFC6E910092DF94 /* SlideViewController.xib */ = {isa = PBXFileReference; lastKnownFileType = file.xib; path = SlideViewController.xib; sourceTree = "<group>"; };
		0A3059451FFC800C0092DF94 /* JLNavigationController.h */ = {isa = PBXFileReference; lastKnownFileType = sourcecode.c.h; path = JLNavigationController.h; sourceTree = "<group>"; };
		0A3059461FFC800C0092DF94 /* JLNavigationController.m */ = {isa = PBXFileReference; lastKnownFileType = sourcecode.c.objc; path = JLNavigationController.m; sourceTree = "<group>"; };
		0A3059491FFC87920092DF94 /* NSObject+DLIntrospection.h */ = {isa = PBXFileReference; fileEncoding = 4; lastKnownFileType = sourcecode.c.h; path = "NSObject+DLIntrospection.h"; sourceTree = "<group>"; };
		0A30594A1FFC87920092DF94 /* NSObject+DLIntrospection.m */ = {isa = PBXFileReference; fileEncoding = 4; lastKnownFileType = sourcecode.c.objc; path = "NSObject+DLIntrospection.m"; sourceTree = "<group>"; };
		0A36886D20E6482E0077BA89 /* GCDViewController.h */ = {isa = PBXFileReference; lastKnownFileType = sourcecode.c.h; path = GCDViewController.h; sourceTree = "<group>"; };
		0A36886E20E6482E0077BA89 /* GCDViewController.m */ = {isa = PBXFileReference; lastKnownFileType = sourcecode.c.objc; path = GCDViewController.m; sourceTree = "<group>"; };
		0A36AF8521EC21E7005E2105 /* NSString+Addition.h */ = {isa = PBXFileReference; lastKnownFileType = sourcecode.c.h; path = "NSString+Addition.h"; sourceTree = "<group>"; };
		0A36AF8621EC21E7005E2105 /* NSString+Addition.m */ = {isa = PBXFileReference; lastKnownFileType = sourcecode.c.objc; path = "NSString+Addition.m"; sourceTree = "<group>"; };
		0A36AF8821EC224F005E2105 /* NSStringAdditionTests.m */ = {isa = PBXFileReference; lastKnownFileType = sourcecode.c.objc; path = NSStringAdditionTests.m; sourceTree = "<group>"; };
		0A4F5B1C1F9EDD6C00140E82 /* JLGradientButton.h */ = {isa = PBXFileReference; lastKnownFileType = sourcecode.c.h; path = JLGradientButton.h; sourceTree = "<group>"; };
		0A4F5B1D1F9EDD6C00140E82 /* JLGradientButton.m */ = {isa = PBXFileReference; lastKnownFileType = sourcecode.c.objc; path = JLGradientButton.m; sourceTree = "<group>"; };
		0A5604631FF5E3C800A42929 /* ResponderView.h */ = {isa = PBXFileReference; lastKnownFileType = sourcecode.c.h; path = ResponderView.h; sourceTree = "<group>"; };
		0A5604641FF5E3C800A42929 /* ResponderView.m */ = {isa = PBXFileReference; lastKnownFileType = sourcecode.c.objc; path = ResponderView.m; sourceTree = "<group>"; };
		0A5803561F7A01D1000B5192 /* test.app */ = {isa = PBXFileReference; explicitFileType = wrapper.application; includeInIndex = 0; path = test.app; sourceTree = BUILT_PRODUCTS_DIR; };
		0A5803591F7A01D1000B5192 /* AppDelegate.h */ = {isa = PBXFileReference; lastKnownFileType = sourcecode.c.h; path = AppDelegate.h; sourceTree = "<group>"; };
		0A58035A1F7A01D1000B5192 /* AppDelegate.m */ = {isa = PBXFileReference; lastKnownFileType = sourcecode.c.objc; path = AppDelegate.m; sourceTree = "<group>"; };
		0A58035C1F7A01D1000B5192 /* ViewController.h */ = {isa = PBXFileReference; lastKnownFileType = sourcecode.c.h; path = ViewController.h; sourceTree = "<group>"; };
		0A58035D1F7A01D1000B5192 /* ViewController.m */ = {isa = PBXFileReference; lastKnownFileType = sourcecode.c.objc; path = ViewController.m; sourceTree = "<group>"; };
		0A5803601F7A01D1000B5192 /* Base */ = {isa = PBXFileReference; lastKnownFileType = file.storyboard; name = Base; path = Base.lproj/Main.storyboard; sourceTree = "<group>"; };
		0A5803621F7A01D1000B5192 /* Assets.xcassets */ = {isa = PBXFileReference; lastKnownFileType = folder.assetcatalog; path = Assets.xcassets; sourceTree = "<group>"; };
		0A5803651F7A01D1000B5192 /* Base */ = {isa = PBXFileReference; lastKnownFileType = file.storyboard; name = Base; path = Base.lproj/LaunchScreen.storyboard; sourceTree = "<group>"; };
		0A5803671F7A01D1000B5192 /* Info.plist */ = {isa = PBXFileReference; lastKnownFileType = text.plist.xml; path = Info.plist; sourceTree = "<group>"; };
		0A5803681F7A01D1000B5192 /* main.m */ = {isa = PBXFileReference; lastKnownFileType = sourcecode.c.objc; path = main.m; sourceTree = "<group>"; };
		0A58036E1F7A01D2000B5192 /* testTests.xctest */ = {isa = PBXFileReference; explicitFileType = wrapper.cfbundle; includeInIndex = 0; path = testTests.xctest; sourceTree = BUILT_PRODUCTS_DIR; };
		0A5803721F7A01D2000B5192 /* testTests.m */ = {isa = PBXFileReference; lastKnownFileType = sourcecode.c.objc; path = testTests.m; sourceTree = "<group>"; };
		0A5803741F7A01D2000B5192 /* Info.plist */ = {isa = PBXFileReference; lastKnownFileType = text.plist.xml; path = Info.plist; sourceTree = "<group>"; };
		0A5803791F7A01D2000B5192 /* testUITests.xctest */ = {isa = PBXFileReference; explicitFileType = wrapper.cfbundle; includeInIndex = 0; path = testUITests.xctest; sourceTree = BUILT_PRODUCTS_DIR; };
		0A58037D1F7A01D2000B5192 /* testUITests.m */ = {isa = PBXFileReference; lastKnownFileType = sourcecode.c.objc; path = testUITests.m; sourceTree = "<group>"; };
		0A58037F1F7A01D2000B5192 /* Info.plist */ = {isa = PBXFileReference; lastKnownFileType = text.plist.xml; path = Info.plist; sourceTree = "<group>"; };
		0A58038F1F7A021C000B5192 /* PrefixHeader.pch */ = {isa = PBXFileReference; lastKnownFileType = sourcecode.c.h; path = PrefixHeader.pch; sourceTree = "<group>"; };
		0A5803911F7A0282000B5192 /* MehtodSignature.h */ = {isa = PBXFileReference; lastKnownFileType = sourcecode.c.h; path = MehtodSignature.h; sourceTree = "<group>"; };
		0A5803921F7A0282000B5192 /* MehtodSignature.m */ = {isa = PBXFileReference; lastKnownFileType = sourcecode.c.objc; path = MehtodSignature.m; sourceTree = "<group>"; };
		0A5C56AF2064B1B0009A1813 /* NSSafeMuDictionary.h */ = {isa = PBXFileReference; lastKnownFileType = sourcecode.c.h; path = NSSafeMuDictionary.h; sourceTree = "<group>"; };
		0A5C56B02064B1B0009A1813 /* NSSafeMuDictionary.m */ = {isa = PBXFileReference; lastKnownFileType = sourcecode.c.objc; path = NSSafeMuDictionary.m; sourceTree = "<group>"; };
		0A5C56B22064CF2F009A1813 /* SafeArrayTool.h */ = {isa = PBXFileReference; lastKnownFileType = sourcecode.c.h; path = SafeArrayTool.h; sourceTree = "<group>"; };
		0A5C56B32064CF2F009A1813 /* SafeArrayTool.m */ = {isa = PBXFileReference; lastKnownFileType = sourcecode.c.objc; path = SafeArrayTool.m; sourceTree = "<group>"; };
		0A5C56B62064D119009A1813 /* ThreadSafe.h */ = {isa = PBXFileReference; lastKnownFileType = sourcecode.c.h; path = ThreadSafe.h; sourceTree = "<group>"; };
		0A5CA33E1FECA77900EC170F /* Animal.h */ = {isa = PBXFileReference; lastKnownFileType = sourcecode.c.h; path = Animal.h; sourceTree = "<group>"; };
		0A5CA33F1FECA77900EC170F /* Animal.m */ = {isa = PBXFileReference; lastKnownFileType = sourcecode.c.objc; path = Animal.m; sourceTree = "<group>"; };
		0A5D45CE2063578900DC78F7 /* DBTool.h */ = {isa = PBXFileReference; lastKnownFileType = sourcecode.c.h; path = DBTool.h; sourceTree = "<group>"; };
		0A5D45CF2063578900DC78F7 /* DBTool.m */ = {isa = PBXFileReference; lastKnownFileType = sourcecode.c.objc; path = DBTool.m; sourceTree = "<group>"; };
		0A61115D20E8A4B7008CE53F /* LogMacro.h */ = {isa = PBXFileReference; lastKnownFileType = sourcecode.c.h; path = LogMacro.h; sourceTree = "<group>"; };
		0A61115F20E8ACEC008CE53F /* WebViewController.h */ = {isa = PBXFileReference; lastKnownFileType = sourcecode.c.h; path = WebViewController.h; sourceTree = "<group>"; };
		0A61116020E8ACEC008CE53F /* WebViewController.m */ = {isa = PBXFileReference; lastKnownFileType = sourcecode.c.objc; path = WebViewController.m; sourceTree = "<group>"; };
		0A61116120E8ACEC008CE53F /* WebViewController.xib */ = {isa = PBXFileReference; lastKnownFileType = file.xib; path = WebViewController.xib; sourceTree = "<group>"; };
		0A61116420E8AEDD008CE53F /* WebKit.framework */ = {isa = PBXFileReference; lastKnownFileType = wrapper.framework; name = WebKit.framework; path = System/Library/Frameworks/WebKit.framework; sourceTree = SDKROOT; };
		0A640F1B1FC6D37100B69AFA /* GestureViewController.h */ = {isa = PBXFileReference; lastKnownFileType = sourcecode.c.h; path = GestureViewController.h; sourceTree = "<group>"; };
		0A640F1C1FC6D37100B69AFA /* GestureViewController.m */ = {isa = PBXFileReference; lastKnownFileType = sourcecode.c.objc; path = GestureViewController.m; sourceTree = "<group>"; };
		0A640F1E1FC6D7E600B69AFA /* GestureLabel.h */ = {isa = PBXFileReference; lastKnownFileType = sourcecode.c.h; path = GestureLabel.h; sourceTree = "<group>"; };
		0A640F1F1FC6D7E600B69AFA /* GestureLabel.m */ = {isa = PBXFileReference; lastKnownFileType = sourcecode.c.objc; path = GestureLabel.m; sourceTree = "<group>"; };
		0A6BCCDE1FBABF5700D327AE /* IMBoard.h */ = {isa = PBXFileReference; lastKnownFileType = sourcecode.c.h; path = IMBoard.h; sourceTree = "<group>"; };
		0A6BCCDF1FBABF5700D327AE /* IMBoard.m */ = {isa = PBXFileReference; lastKnownFileType = sourcecode.c.objc; path = IMBoard.m; sourceTree = "<group>"; };
		0A6BD2231FD630FC00D13E33 /* APIViewController.h */ = {isa = PBXFileReference; lastKnownFileType = sourcecode.c.h; path = APIViewController.h; sourceTree = "<group>"; };
		0A6BD2241FD630FC00D13E33 /* APIViewController.m */ = {isa = PBXFileReference; lastKnownFileType = sourcecode.c.objc; path = APIViewController.m; sourceTree = "<group>"; };
		0A6BD2251FD630FC00D13E33 /* APIViewController.xib */ = {isa = PBXFileReference; lastKnownFileType = file.xib; path = APIViewController.xib; sourceTree = "<group>"; };
		0A768B1A208369850086AA40 /* JLPresentAnimation.h */ = {isa = PBXFileReference; lastKnownFileType = sourcecode.c.h; path = JLPresentAnimation.h; sourceTree = "<group>"; };
		0A768B1B208369850086AA40 /* JLPresentAnimation.m */ = {isa = PBXFileReference; lastKnownFileType = sourcecode.c.objc; path = JLPresentAnimation.m; sourceTree = "<group>"; };
		0A768B1D2083738F0086AA40 /* JLAnimationPresentationController.h */ = {isa = PBXFileReference; lastKnownFileType = sourcecode.c.h; path = JLAnimationPresentationController.h; sourceTree = "<group>"; };
		0A768B1E2083738F0086AA40 /* JLAnimationPresentationController.m */ = {isa = PBXFileReference; lastKnownFileType = sourcecode.c.objc; path = JLAnimationPresentationController.m; sourceTree = "<group>"; };
		0A7C4088200701F500174650 /* Person.h */ = {isa = PBXFileReference; lastKnownFileType = sourcecode.c.h; path = Person.h; sourceTree = "<group>"; };
		0A7C4089200701F500174650 /* Person.m */ = {isa = PBXFileReference; lastKnownFileType = sourcecode.c.objc; path = Person.m; sourceTree = "<group>"; };
		0A7C408C20073CE300174650 /* PhotoKitViewController.h */ = {isa = PBXFileReference; lastKnownFileType = sourcecode.c.h; path = PhotoKitViewController.h; sourceTree = "<group>"; };
		0A7C408D20073CE300174650 /* PhotoKitViewController.m */ = {isa = PBXFileReference; lastKnownFileType = sourcecode.c.objc; path = PhotoKitViewController.m; sourceTree = "<group>"; };
		0A7C408F20073CED00174650 /* PhotoKitViewController.xib */ = {isa = PBXFileReference; lastKnownFileType = file.xib; path = PhotoKitViewController.xib; sourceTree = "<group>"; };
		0A826D5A20DFD4C000338617 /* TVViewController.h */ = {isa = PBXFileReference; lastKnownFileType = sourcecode.c.h; path = TVViewController.h; sourceTree = "<group>"; };
		0A826D5B20DFD4C000338617 /* TVViewController.m */ = {isa = PBXFileReference; lastKnownFileType = sourcecode.c.objc; path = TVViewController.m; sourceTree = "<group>"; };
		0A83D4DF20DA4DCF00F8F231 /* BBSDrawView.h */ = {isa = PBXFileReference; lastKnownFileType = sourcecode.c.h; path = BBSDrawView.h; sourceTree = "<group>"; };
		0A83D4E020DA4DCF00F8F231 /* BBSDrawView.m */ = {isa = PBXFileReference; lastKnownFileType = sourcecode.c.objc; path = BBSDrawView.m; sourceTree = "<group>"; };
		0A8F226B1F7B7E8200499EFD /* TestViewController.h */ = {isa = PBXFileReference; lastKnownFileType = sourcecode.c.h; path = TestViewController.h; sourceTree = "<group>"; };
		0A8F226C1F7B7E8200499EFD /* TestViewController.m */ = {isa = PBXFileReference; lastKnownFileType = sourcecode.c.objc; path = TestViewController.m; sourceTree = "<group>"; };
		0A8F226D1F7B7E8200499EFD /* TestViewController.xib */ = {isa = PBXFileReference; lastKnownFileType = file.xib; path = TestViewController.xib; sourceTree = "<group>"; };
		0A948BDD2080B57E002BD6C7 /* NSString+formatter.h */ = {isa = PBXFileReference; lastKnownFileType = sourcecode.c.h; path = "NSString+formatter.h"; sourceTree = "<group>"; };
		0A948BDE2080B57E002BD6C7 /* NSString+formatter.m */ = {isa = PBXFileReference; lastKnownFileType = sourcecode.c.objc; path = "NSString+formatter.m"; sourceTree = "<group>"; };
		0A948BE32080B6FB002BD6C7 /* NSDate+compare.h */ = {isa = PBXFileReference; lastKnownFileType = sourcecode.c.h; path = "NSDate+compare.h"; sourceTree = "<group>"; };
		0A948BE42080B6FB002BD6C7 /* NSDate+compare.m */ = {isa = PBXFileReference; lastKnownFileType = sourcecode.c.objc; path = "NSDate+compare.m"; sourceTree = "<group>"; };
		0A948BE62080B7B5002BD6C7 /* testDate.m */ = {isa = PBXFileReference; lastKnownFileType = sourcecode.c.objc; path = testDate.m; sourceTree = "<group>"; };
		0A976BB720DB390F00BDE153 /* UIView+Corner.h */ = {isa = PBXFileReference; lastKnownFileType = sourcecode.c.h; path = "UIView+Corner.h"; sourceTree = "<group>"; };
		0A976BB820DB390F00BDE153 /* UIView+Corner.m */ = {isa = PBXFileReference; lastKnownFileType = sourcecode.c.objc; path = "UIView+Corner.m"; sourceTree = "<group>"; };
		0A9F887120E4F52400B44E68 /* TimerViewController.h */ = {isa = PBXFileReference; lastKnownFileType = sourcecode.c.h; path = TimerViewController.h; sourceTree = "<group>"; };
		0A9F887220E4F52400B44E68 /* TimerViewController.m */ = {isa = PBXFileReference; lastKnownFileType = sourcecode.c.objc; path = TimerViewController.m; sourceTree = "<group>"; };
		0AA47ACD20160DAA00242C4D /* preview_2.mov */ = {isa = PBXFileReference; lastKnownFileType = video.quicktime; path = preview_2.mov; sourceTree = "<group>"; };
		0AA47ACE20160DAB00242C4D /* preview_2的副本.123314.mov */ = {isa = PBXFileReference; lastKnownFileType = video.quicktime; path = "preview_2的副本.123314.mov"; sourceTree = "<group>"; };
		0AA47AD1201610E000242C4D /* changming.png */ = {isa = PBXFileReference; lastKnownFileType = image.png; path = changming.png; sourceTree = "<group>"; };
		0AB886F020A3E49D003F2734 /* CollectionViewController.h */ = {isa = PBXFileReference; lastKnownFileType = sourcecode.c.h; path = CollectionViewController.h; sourceTree = "<group>"; };
		0AB886F120A3E49D003F2734 /* CollectionViewController.m */ = {isa = PBXFileReference; lastKnownFileType = sourcecode.c.objc; path = CollectionViewController.m; sourceTree = "<group>"; };
		0AB886F320A3E4DB003F2734 /* TestCollectionViewCell.h */ = {isa = PBXFileReference; lastKnownFileType = sourcecode.c.h; path = TestCollectionViewCell.h; sourceTree = "<group>"; };
		0AB886F420A3E4DB003F2734 /* TestCollectionViewCell.m */ = {isa = PBXFileReference; lastKnownFileType = sourcecode.c.objc; path = TestCollectionViewCell.m; sourceTree = "<group>"; };
		0AB886F520A3E4DB003F2734 /* TestCollectionViewCell.xib */ = {isa = PBXFileReference; lastKnownFileType = file.xib; path = TestCollectionViewCell.xib; sourceTree = "<group>"; };
		0AC0ACA720BFBD5D00D3185E /* PlayerViewController.h */ = {isa = PBXFileReference; lastKnownFileType = sourcecode.c.h; path = PlayerViewController.h; sourceTree = "<group>"; };
		0AC0ACA820BFBD5D00D3185E /* PlayerViewController.m */ = {isa = PBXFileReference; lastKnownFileType = sourcecode.c.objc; path = PlayerViewController.m; sourceTree = "<group>"; };
		0AD0FEA320614F5D006678F4 /* SingleModel.h */ = {isa = PBXFileReference; lastKnownFileType = sourcecode.c.h; path = SingleModel.h; sourceTree = "<group>"; };
		0AD0FEA420614F5D006678F4 /* SingleModel.m */ = {isa = PBXFileReference; lastKnownFileType = sourcecode.c.objc; path = SingleModel.m; sourceTree = "<group>"; };
		0AD0FEA6206150BF006678F4 /* Singleton.h */ = {isa = PBXFileReference; lastKnownFileType = sourcecode.c.h; path = Singleton.h; sourceTree = "<group>"; };
		0AD77DA820E7558E00330F2C /* GestureViewController.xib */ = {isa = PBXFileReference; lastKnownFileType = file.xib; path = GestureViewController.xib; sourceTree = "<group>"; };
		0AD77DAC20E763AE00330F2C /* MGSwipeTableCell.m */ = {isa = PBXFileReference; fileEncoding = 4; lastKnownFileType = sourcecode.c.objc; path = MGSwipeTableCell.m; sourceTree = "<group>"; };
		0AD77DAD20E763AE00330F2C /* MGSwipeButton.h */ = {isa = PBXFileReference; fileEncoding = 4; lastKnownFileType = sourcecode.c.h; path = MGSwipeButton.h; sourceTree = "<group>"; };
		0AD77DAE20E763AE00330F2C /* MGSwipeTableCell.h */ = {isa = PBXFileReference; fileEncoding = 4; lastKnownFileType = sourcecode.c.h; path = MGSwipeTableCell.h; sourceTree = "<group>"; };
		0AD77DAF20E763AE00330F2C /* MGSwipeButton.m */ = {isa = PBXFileReference; fileEncoding = 4; lastKnownFileType = sourcecode.c.objc; path = MGSwipeButton.m; sourceTree = "<group>"; };
		0AD77DB420E763D500330F2C /* SlideTableViewController.h */ = {isa = PBXFileReference; lastKnownFileType = sourcecode.c.h; path = SlideTableViewController.h; sourceTree = "<group>"; };
		0AD77DB520E763D500330F2C /* SlideTableViewController.m */ = {isa = PBXFileReference; lastKnownFileType = sourcecode.c.objc; path = SlideTableViewController.m; sourceTree = "<group>"; };
		0AD77DB620E763D500330F2C /* SlideTableViewController.xib */ = {isa = PBXFileReference; lastKnownFileType = file.xib; path = SlideTableViewController.xib; sourceTree = "<group>"; };
		0AD77DB920E76B7600330F2C /* SlideData.h */ = {isa = PBXFileReference; lastKnownFileType = sourcecode.c.h; path = SlideData.h; sourceTree = "<group>"; };
		0AD77DBA20E76B7600330F2C /* SlideData.m */ = {isa = PBXFileReference; lastKnownFileType = sourcecode.c.objc; path = SlideData.m; sourceTree = "<group>"; };
		0AD77DBD20E7706300330F2C /* KeyboardViewController.h */ = {isa = PBXFileReference; lastKnownFileType = sourcecode.c.h; path = KeyboardViewController.h; sourceTree = "<group>"; };
		0AD77DBE20E7706300330F2C /* KeyboardViewController.m */ = {isa = PBXFileReference; lastKnownFileType = sourcecode.c.objc; path = KeyboardViewController.m; sourceTree = "<group>"; };
		0AD77DBF20E7706300330F2C /* KeyboardViewController.xib */ = {isa = PBXFileReference; lastKnownFileType = file.xib; path = KeyboardViewController.xib; sourceTree = "<group>"; };
		0AD77DC320E78ADB00330F2C /* Global.h */ = {isa = PBXFileReference; lastKnownFileType = sourcecode.c.h; path = Global.h; sourceTree = "<group>"; };
		0AD77DC420E78AE700330F2C /* TestHeader.h */ = {isa = PBXFileReference; lastKnownFileType = sourcecode.c.h; path = TestHeader.h; sourceTree = "<group>"; };
		0AE45A931F90591D00D738F4 /* KeyWinViewController.h */ = {isa = PBXFileReference; lastKnownFileType = sourcecode.c.h; path = KeyWinViewController.h; sourceTree = "<group>"; };
		0AE45A941F90591D00D738F4 /* KeyWinViewController.m */ = {isa = PBXFileReference; lastKnownFileType = sourcecode.c.objc; path = KeyWinViewController.m; sourceTree = "<group>"; };
		0AE45A951F90591D00D738F4 /* KeyWinViewController.xib */ = {isa = PBXFileReference; lastKnownFileType = file.xib; path = KeyWinViewController.xib; sourceTree = "<group>"; };
		0AEA6F241F90B05B008C3E69 /* reward_icon_price_rate@2x.png */ = {isa = PBXFileReference; lastKnownFileType = image.png; path = "reward_icon_price_rate@2x.png"; sourceTree = "<group>"; };
		0AEA6F251F90B05B008C3E69 /* reward_icon_price_rate@3x.png */ = {isa = PBXFileReference; lastKnownFileType = image.png; path = "reward_icon_price_rate@3x.png"; sourceTree = "<group>"; };
		0FCB9083A04B080CBBDD9434 /* Pods-testUITests.release.xcconfig */ = {isa = PBXFileReference; includeInIndex = 1; lastKnownFileType = text.xcconfig; name = "Pods-testUITests.release.xcconfig"; path = "Pods/Target Support Files/Pods-testUITests/Pods-testUITests.release.xcconfig"; sourceTree = "<group>"; };
		1E1AF70F871764CF416A73E9 /* libPods-test.a */ = {isa = PBXFileReference; explicitFileType = archive.ar; includeInIndex = 0; path = "libPods-test.a"; sourceTree = BUILT_PRODUCTS_DIR; };
		2AA8B6331C093CDC6CBEA45B /* Pods-testUITests.debug.xcconfig */ = {isa = PBXFileReference; includeInIndex = 1; lastKnownFileType = text.xcconfig; name = "Pods-testUITests.debug.xcconfig"; path = "Pods/Target Support Files/Pods-testUITests/Pods-testUITests.debug.xcconfig"; sourceTree = "<group>"; };
		4B446E73B49F3536C4317056 /* Pods-testTests.release.xcconfig */ = {isa = PBXFileReference; includeInIndex = 1; lastKnownFileType = text.xcconfig; name = "Pods-testTests.release.xcconfig"; path = "Pods/Target Support Files/Pods-testTests/Pods-testTests.release.xcconfig"; sourceTree = "<group>"; };
		612422CE0D061CCBB3748038 /* libPods-testTests.a */ = {isa = PBXFileReference; explicitFileType = archive.ar; includeInIndex = 0; path = "libPods-testTests.a"; sourceTree = BUILT_PRODUCTS_DIR; };
		6927F71FA297A680369A11EE /* Pods-testTests.debug.xcconfig */ = {isa = PBXFileReference; includeInIndex = 1; lastKnownFileType = text.xcconfig; name = "Pods-testTests.debug.xcconfig"; path = "Pods/Target Support Files/Pods-testTests/Pods-testTests.debug.xcconfig"; sourceTree = "<group>"; };
		BC59F9B515C507BDB49D08C7 /* Pods-test.debug.xcconfig */ = {isa = PBXFileReference; includeInIndex = 1; lastKnownFileType = text.xcconfig; name = "Pods-test.debug.xcconfig"; path = "Pods/Target Support Files/Pods-test/Pods-test.debug.xcconfig"; sourceTree = "<group>"; };
		BC7A545D0AFD39E9776C9A01 /* libPods-testUITests.a */ = {isa = PBXFileReference; explicitFileType = archive.ar; includeInIndex = 0; path = "libPods-testUITests.a"; sourceTree = BUILT_PRODUCTS_DIR; };
		C8988A2F64F2CB05F2D40D45 /* Pods-test.release.xcconfig */ = {isa = PBXFileReference; includeInIndex = 1; lastKnownFileType = text.xcconfig; name = "Pods-test.release.xcconfig"; path = "Pods/Target Support Files/Pods-test/Pods-test.release.xcconfig"; sourceTree = "<group>"; };
/* End PBXFileReference section */

/* Begin PBXFrameworksBuildPhase section */
		0A5803531F7A01D1000B5192 /* Frameworks */ = {
			isa = PBXFrameworksBuildPhase;
			buildActionMask = 2147483647;
			files = (
				0A61116520E8AEDE008CE53F /* WebKit.framework in Frameworks */,
				A5A60D313472FD2F526845F5 /* libPods-test.a in Frameworks */,
			);
			runOnlyForDeploymentPostprocessing = 0;
		};
		0A58036B1F7A01D2000B5192 /* Frameworks */ = {
			isa = PBXFrameworksBuildPhase;
			buildActionMask = 2147483647;
			files = (
				269B448549997433A8B0D50A /* libPods-testTests.a in Frameworks */,
			);
			runOnlyForDeploymentPostprocessing = 0;
		};
		0A5803761F7A01D2000B5192 /* Frameworks */ = {
			isa = PBXFrameworksBuildPhase;
			buildActionMask = 2147483647;
			files = (
				3B7D92282984AE0D04858733 /* libPods-testUITests.a in Frameworks */,
			);
			runOnlyForDeploymentPostprocessing = 0;
		};
/* End PBXFrameworksBuildPhase section */

/* Begin PBXGroup section */
		0A30593E1FFC6E7D0092DF94 /* Slide */ = {
			isa = PBXGroup;
			children = (
				0A30593F1FFC6E910092DF94 /* SlideViewController.h */,
				0A3059401FFC6E910092DF94 /* SlideViewController.m */,
				0A3059411FFC6E910092DF94 /* SlideViewController.xib */,
			);
			path = Slide;
			sourceTree = "<group>";
		};
		0A3059441FFC7FF60092DF94 /* Common */ = {
			isa = PBXGroup;
			children = (
				0A3059451FFC800C0092DF94 /* JLNavigationController.h */,
				0A3059461FFC800C0092DF94 /* JLNavigationController.m */,
			);
			path = Common;
			sourceTree = "<group>";
		};
		0A3059481FFC87920092DF94 /* DLIntrospection */ = {
			isa = PBXGroup;
			children = (
				0A3059491FFC87920092DF94 /* NSObject+DLIntrospection.h */,
				0A30594A1FFC87920092DF94 /* NSObject+DLIntrospection.m */,
			);
			path = DLIntrospection;
			sourceTree = "<group>";
		};
		0A36887020E648330077BA89 /* GCD */ = {
			isa = PBXGroup;
			children = (
				0A36886D20E6482E0077BA89 /* GCDViewController.h */,
				0A36886E20E6482E0077BA89 /* GCDViewController.m */,
			);
			path = GCD;
			sourceTree = "<group>";
		};
		0A36AF8421EC21D3005E2105 /* Category */ = {
			isa = PBXGroup;
			children = (
				0A36AF8521EC21E7005E2105 /* NSString+Addition.h */,
				0A36AF8621EC21E7005E2105 /* NSString+Addition.m */,
			);
			path = Category;
			sourceTree = "<group>";
		};
		0A4F5B1B1F9EDD5F00140E82 /* View */ = {
			isa = PBXGroup;
			children = (
				0A4F5B1C1F9EDD6C00140E82 /* JLGradientButton.h */,
				0A4F5B1D1F9EDD6C00140E82 /* JLGradientButton.m */,
				0A5604631FF5E3C800A42929 /* ResponderView.h */,
				0A5604641FF5E3C800A42929 /* ResponderView.m */,
				0A83D4DF20DA4DCF00F8F231 /* BBSDrawView.h */,
				0A83D4E020DA4DCF00F8F231 /* BBSDrawView.m */,
				0A976BB720DB390F00BDE153 /* UIView+Corner.h */,
				0A976BB820DB390F00BDE153 /* UIView+Corner.m */,
			);
			path = View;
			sourceTree = "<group>";
		};
		0A58034D1F7A01D1000B5192 = {
			isa = PBXGroup;
			children = (
				0A5803581F7A01D1000B5192 /* test */,
				0A5803711F7A01D2000B5192 /* testTests */,
				0A58037C1F7A01D2000B5192 /* testUITests */,
				0A5803571F7A01D1000B5192 /* Products */,
				4C8113F0C994875998A88BC3 /* Pods */,
				9F237A32F3EF21F12F0E1157 /* Frameworks */,
			);
			sourceTree = "<group>";
		};
		0A5803571F7A01D1000B5192 /* Products */ = {
			isa = PBXGroup;
			children = (
				0A5803561F7A01D1000B5192 /* test.app */,
				0A58036E1F7A01D2000B5192 /* testTests.xctest */,
				0A5803791F7A01D2000B5192 /* testUITests.xctest */,
			);
			name = Products;
			sourceTree = "<group>";
		};
		0A5803581F7A01D1000B5192 /* test */ = {
			isa = PBXGroup;
			children = (
				0A36AF8421EC21D3005E2105 /* Category */,
				0AD77DC220E78AB900330F2C /* Macro */,
				0AD77DAA20E763A500330F2C /* Verders */,
				0AA47AD1201610E000242C4D /* changming.png */,
				0AA47ACD20160DAA00242C4D /* preview_2.mov */,
				0AA47ACE20160DAB00242C4D /* preview_2的副本.123314.mov */,
				0A3059481FFC87920092DF94 /* DLIntrospection */,
				0A3059441FFC7FF60092DF94 /* Common */,
				0A5CA33D1FECA76700EC170F /* Models */,
				0A4F5B1B1F9EDD5F00140E82 /* View */,
				0A5803671F7A01D1000B5192 /* Info.plist */,
				0A58038E1F7A01FC000B5192 /* Others */,
				0A58038D1F7A01F3000B5192 /* Sections */,
				0A58038C1F7A01EB000B5192 /* Main */,
				0A58038B1F7A01DC000B5192 /* AppDelegate */,
			);
			path = test;
			sourceTree = "<group>";
		};
		0A5803711F7A01D2000B5192 /* testTests */ = {
			isa = PBXGroup;
			children = (
				0A5803721F7A01D2000B5192 /* testTests.m */,
				0A948BE62080B7B5002BD6C7 /* testDate.m */,
				0A5803741F7A01D2000B5192 /* Info.plist */,
				0A36AF8821EC224F005E2105 /* NSStringAdditionTests.m */,
			);
			path = testTests;
			sourceTree = "<group>";
		};
		0A58037C1F7A01D2000B5192 /* testUITests */ = {
			isa = PBXGroup;
			children = (
				0A58037D1F7A01D2000B5192 /* testUITests.m */,
				0A58037F1F7A01D2000B5192 /* Info.plist */,
			);
			path = testUITests;
			sourceTree = "<group>";
		};
		0A58038B1F7A01DC000B5192 /* AppDelegate */ = {
			isa = PBXGroup;
			children = (
				0A5803591F7A01D1000B5192 /* AppDelegate.h */,
				0A58035A1F7A01D1000B5192 /* AppDelegate.m */,
			);
			path = AppDelegate;
			sourceTree = "<group>";
		};
		0A58038C1F7A01EB000B5192 /* Main */ = {
			isa = PBXGroup;
			children = (
				0A58035C1F7A01D1000B5192 /* ViewController.h */,
				0A58035D1F7A01D1000B5192 /* ViewController.m */,
				0A768B1A208369850086AA40 /* JLPresentAnimation.h */,
				0A768B1B208369850086AA40 /* JLPresentAnimation.m */,
				0A768B1D2083738F0086AA40 /* JLAnimationPresentationController.h */,
				0A768B1E2083738F0086AA40 /* JLAnimationPresentationController.m */,
				0A58035F1F7A01D1000B5192 /* Main.storyboard */,
			);
			path = Main;
			sourceTree = "<group>";
		};
		0A58038D1F7A01F3000B5192 /* Sections */ = {
			isa = PBXGroup;
			children = (
				0A61115E20E8ACC4008CE53F /* webViewProgress */,
				0AD77DBC20E7704A00330F2C /* dismissKeyboard */,
				0A36887020E648330077BA89 /* GCD */,
				0A9F887020E4F50D00B44E68 /* Timer */,
				0A826D5920DFD4AC00338617 /* TableView */,
				0AC0ACA620BFBD3F00D3185E /* Player */,
				0AB886EF20A3E43B003F2734 /* CollectionView */,
				0A5D45CD2063577100DC78F7 /* New Group */,
				0AD0FEA120614E3F006678F4 /* Tool */,
				0A7C408B20073CD200174650 /* PhotoKit */,
				0A30593E1FFC6E7D0092DF94 /* Slide */,
				0A6BD2221FD630EA00D13E33 /* API */,
				0A640F1A1FC6D36200B69AFA /* Gesture */,
				0A6BCCDD1FBABF2F00D327AE /* IMUI */,
				0AE45A921F90590400D738F4 /* keyWindow */,
				0A8F226A1F7B7E7000499EFD /* test */,
				0A5803901F7A026B000B5192 /* MehtodSignature */,
			);
			path = Sections;
			sourceTree = "<group>";
		};
		0A58038E1F7A01FC000B5192 /* Others */ = {
			isa = PBXGroup;
			children = (
				0AEA6F241F90B05B008C3E69 /* reward_icon_price_rate@2x.png */,
				0AEA6F251F90B05B008C3E69 /* reward_icon_price_rate@3x.png */,
				0A5803621F7A01D1000B5192 /* Assets.xcassets */,
				0A5803641F7A01D1000B5192 /* LaunchScreen.storyboard */,
				0A5803681F7A01D1000B5192 /* main.m */,
				0A58038F1F7A021C000B5192 /* PrefixHeader.pch */,
			);
			path = Others;
			sourceTree = "<group>";
		};
		0A5803901F7A026B000B5192 /* MehtodSignature */ = {
			isa = PBXGroup;
			children = (
				0A5803911F7A0282000B5192 /* MehtodSignature.h */,
				0A5803921F7A0282000B5192 /* MehtodSignature.m */,
			);
			path = MehtodSignature;
			sourceTree = "<group>";
		};
		0A5C56B52064D10C009A1813 /* New Group */ = {
			isa = PBXGroup;
			children = (
			);
			path = "New Group";
			sourceTree = "<group>";
		};
		0A5CA33D1FECA76700EC170F /* Models */ = {
			isa = PBXGroup;
			children = (
				0A5CA33E1FECA77900EC170F /* Animal.h */,
				0A5CA33F1FECA77900EC170F /* Animal.m */,
				0A7C4088200701F500174650 /* Person.h */,
				0A7C4089200701F500174650 /* Person.m */,
				0AD0FEA320614F5D006678F4 /* SingleModel.h */,
				0AD0FEA420614F5D006678F4 /* SingleModel.m */,
				0A5D45CE2063578900DC78F7 /* DBTool.h */,
				0A5D45CF2063578900DC78F7 /* DBTool.m */,
				0A5C56B22064CF2F009A1813 /* SafeArrayTool.h */,
				0A5C56B32064CF2F009A1813 /* SafeArrayTool.m */,
				0A5C56AF2064B1B0009A1813 /* NSSafeMuDictionary.h */,
				0A5C56B02064B1B0009A1813 /* NSSafeMuDictionary.m */,
			);
			path = Models;
			sourceTree = "<group>";
		};
		0A5D45CD2063577100DC78F7 /* New Group */ = {
			isa = PBXGroup;
			children = (
			);
			path = "New Group";
			sourceTree = "<group>";
		};
		0A61115E20E8ACC4008CE53F /* webViewProgress */ = {
			isa = PBXGroup;
			children = (
				0A61115F20E8ACEC008CE53F /* WebViewController.h */,
				0A61116020E8ACEC008CE53F /* WebViewController.m */,
				0A61116120E8ACEC008CE53F /* WebViewController.xib */,
			);
			path = webViewProgress;
			sourceTree = "<group>";
		};
		0A640F1A1FC6D36200B69AFA /* Gesture */ = {
			isa = PBXGroup;
			children = (
				0A640F1B1FC6D37100B69AFA /* GestureViewController.h */,
				0A640F1C1FC6D37100B69AFA /* GestureViewController.m */,
				0AD77DA820E7558E00330F2C /* GestureViewController.xib */,
				0A640F1E1FC6D7E600B69AFA /* GestureLabel.h */,
				0A640F1F1FC6D7E600B69AFA /* GestureLabel.m */,
			);
			path = Gesture;
			sourceTree = "<group>";
		};
		0A6BCCDD1FBABF2F00D327AE /* IMUI */ = {
			isa = PBXGroup;
			children = (
				0A6BCCDE1FBABF5700D327AE /* IMBoard.h */,
				0A6BCCDF1FBABF5700D327AE /* IMBoard.m */,
			);
			path = IMUI;
			sourceTree = "<group>";
		};
		0A6BD2221FD630EA00D13E33 /* API */ = {
			isa = PBXGroup;
			children = (
				0A6BD2231FD630FC00D13E33 /* APIViewController.h */,
				0A6BD2241FD630FC00D13E33 /* APIViewController.m */,
				0A6BD2251FD630FC00D13E33 /* APIViewController.xib */,
			);
			path = API;
			sourceTree = "<group>";
		};
		0A7C408B20073CD200174650 /* PhotoKit */ = {
			isa = PBXGroup;
			children = (
				0A7C408C20073CE300174650 /* PhotoKitViewController.h */,
				0A7C408D20073CE300174650 /* PhotoKitViewController.m */,
				0A7C408F20073CED00174650 /* PhotoKitViewController.xib */,
			);
			path = PhotoKit;
			sourceTree = "<group>";
		};
		0A826D5920DFD4AC00338617 /* TableView */ = {
			isa = PBXGroup;
			children = (
				0A826D5A20DFD4C000338617 /* TVViewController.h */,
				0A826D5B20DFD4C000338617 /* TVViewController.m */,
				0AD77DB420E763D500330F2C /* SlideTableViewController.h */,
				0AD77DB520E763D500330F2C /* SlideTableViewController.m */,
				0AD77DB920E76B7600330F2C /* SlideData.h */,
				0AD77DBA20E76B7600330F2C /* SlideData.m */,
				0AD77DB620E763D500330F2C /* SlideTableViewController.xib */,
			);
			path = TableView;
			sourceTree = "<group>";
		};
		0A8F226A1F7B7E7000499EFD /* test */ = {
			isa = PBXGroup;
			children = (
				0A8F226B1F7B7E8200499EFD /* TestViewController.h */,
				0A8F226C1F7B7E8200499EFD /* TestViewController.m */,
				0A8F226D1F7B7E8200499EFD /* TestViewController.xib */,
			);
			path = test;
			sourceTree = "<group>";
		};
		0A948BDB2080B54F002BD6C7 /* Macro */ = {
			isa = PBXGroup;
			children = (
				0AD0FEA6206150BF006678F4 /* Singleton.h */,
				0A5C56B62064D119009A1813 /* ThreadSafe.h */,
			);
			path = Macro;
			sourceTree = "<group>";
		};
		0A948BDC2080B559002BD6C7 /* Category */ = {
			isa = PBXGroup;
			children = (
				0A2E0BFF206BD2A20061953B /* UIDevice+Addtion.h */,
				0A2E0C00206BD2A20061953B /* UIDevice+Addtion.m */,
				0A948BDD2080B57E002BD6C7 /* NSString+formatter.h */,
				0A948BDE2080B57E002BD6C7 /* NSString+formatter.m */,
				0A948BE32080B6FB002BD6C7 /* NSDate+compare.h */,
				0A948BE42080B6FB002BD6C7 /* NSDate+compare.m */,
			);
			path = Category;
			sourceTree = "<group>";
		};
		0A9F887020E4F50D00B44E68 /* Timer */ = {
			isa = PBXGroup;
			children = (
				0A9F887120E4F52400B44E68 /* TimerViewController.h */,
				0A9F887220E4F52400B44E68 /* TimerViewController.m */,
			);
			path = Timer;
			sourceTree = "<group>";
		};
		0AB886EF20A3E43B003F2734 /* CollectionView */ = {
			isa = PBXGroup;
			children = (
				0AB886F020A3E49D003F2734 /* CollectionViewController.h */,
				0AB886F120A3E49D003F2734 /* CollectionViewController.m */,
				0AB886F320A3E4DB003F2734 /* TestCollectionViewCell.h */,
				0AB886F420A3E4DB003F2734 /* TestCollectionViewCell.m */,
				0AB886F520A3E4DB003F2734 /* TestCollectionViewCell.xib */,
			);
			path = CollectionView;
			sourceTree = "<group>";
		};
		0AC0ACA620BFBD3F00D3185E /* Player */ = {
			isa = PBXGroup;
			children = (
				0AC0ACA720BFBD5D00D3185E /* PlayerViewController.h */,
				0AC0ACA820BFBD5D00D3185E /* PlayerViewController.m */,
			);
			path = Player;
			sourceTree = "<group>";
		};
		0AD0FEA120614E3F006678F4 /* Tool */ = {
			isa = PBXGroup;
			children = (
				0A948BDC2080B559002BD6C7 /* Category */,
				0A948BDB2080B54F002BD6C7 /* Macro */,
				0A5C56B52064D10C009A1813 /* New Group */,
			);
			path = Tool;
			sourceTree = "<group>";
		};
		0AD77DAA20E763A500330F2C /* Verders */ = {
			isa = PBXGroup;
			children = (
				0AD77DAB20E763AE00330F2C /* MGSwipeTableCell */,
			);
			path = Verders;
			sourceTree = "<group>";
		};
		0AD77DAB20E763AE00330F2C /* MGSwipeTableCell */ = {
			isa = PBXGroup;
			children = (
				0AD77DAC20E763AE00330F2C /* MGSwipeTableCell.m */,
				0AD77DAD20E763AE00330F2C /* MGSwipeButton.h */,
				0AD77DAE20E763AE00330F2C /* MGSwipeTableCell.h */,
				0AD77DAF20E763AE00330F2C /* MGSwipeButton.m */,
			);
			path = MGSwipeTableCell;
			sourceTree = "<group>";
		};
		0AD77DBC20E7704A00330F2C /* dismissKeyboard */ = {
			isa = PBXGroup;
			children = (
				0AD77DBD20E7706300330F2C /* KeyboardViewController.h */,
				0AD77DBE20E7706300330F2C /* KeyboardViewController.m */,
				0AD77DBF20E7706300330F2C /* KeyboardViewController.xib */,
			);
			path = dismissKeyboard;
			sourceTree = "<group>";
		};
		0AD77DC220E78AB900330F2C /* Macro */ = {
			isa = PBXGroup;
			children = (
				0AD77DC320E78ADB00330F2C /* Global.h */,
				0AD77DC420E78AE700330F2C /* TestHeader.h */,
				0A61115D20E8A4B7008CE53F /* LogMacro.h */,
			);
			path = Macro;
			sourceTree = "<group>";
		};
		0AE45A921F90590400D738F4 /* keyWindow */ = {
			isa = PBXGroup;
			children = (
				0AE45A931F90591D00D738F4 /* KeyWinViewController.h */,
				0AE45A941F90591D00D738F4 /* KeyWinViewController.m */,
				0AE45A951F90591D00D738F4 /* KeyWinViewController.xib */,
			);
			path = keyWindow;
			sourceTree = "<group>";
		};
		4C8113F0C994875998A88BC3 /* Pods */ = {
			isa = PBXGroup;
			children = (
				BC59F9B515C507BDB49D08C7 /* Pods-test.debug.xcconfig */,
				C8988A2F64F2CB05F2D40D45 /* Pods-test.release.xcconfig */,
				6927F71FA297A680369A11EE /* Pods-testTests.debug.xcconfig */,
				4B446E73B49F3536C4317056 /* Pods-testTests.release.xcconfig */,
				2AA8B6331C093CDC6CBEA45B /* Pods-testUITests.debug.xcconfig */,
				0FCB9083A04B080CBBDD9434 /* Pods-testUITests.release.xcconfig */,
			);
			name = Pods;
			sourceTree = "<group>";
		};
		9F237A32F3EF21F12F0E1157 /* Frameworks */ = {
			isa = PBXGroup;
			children = (
				0A61116420E8AEDD008CE53F /* WebKit.framework */,
				1E1AF70F871764CF416A73E9 /* libPods-test.a */,
				612422CE0D061CCBB3748038 /* libPods-testTests.a */,
				BC7A545D0AFD39E9776C9A01 /* libPods-testUITests.a */,
			);
			name = Frameworks;
			sourceTree = "<group>";
		};
/* End PBXGroup section */

/* Begin PBXNativeTarget section */
		0A5803551F7A01D1000B5192 /* test */ = {
			isa = PBXNativeTarget;
			buildConfigurationList = 0A5803821F7A01D2000B5192 /* Build configuration list for PBXNativeTarget "test" */;
			buildPhases = (
				D9B10C69BBF3D453FD435787 /* [CP] Check Pods Manifest.lock */,
				0A5803521F7A01D1000B5192 /* Sources */,
				0A5803531F7A01D1000B5192 /* Frameworks */,
				0A5803541F7A01D1000B5192 /* Resources */,
			);
			buildRules = (
			);
			dependencies = (
			);
			name = test;
			productName = test;
			productReference = 0A5803561F7A01D1000B5192 /* test.app */;
			productType = "com.apple.product-type.application";
		};
		0A58036D1F7A01D2000B5192 /* testTests */ = {
			isa = PBXNativeTarget;
			buildConfigurationList = 0A5803851F7A01D2000B5192 /* Build configuration list for PBXNativeTarget "testTests" */;
			buildPhases = (
				ACF83C56B9B6F8A63CC6195B /* [CP] Check Pods Manifest.lock */,
				0A58036A1F7A01D2000B5192 /* Sources */,
				0A58036B1F7A01D2000B5192 /* Frameworks */,
				0A58036C1F7A01D2000B5192 /* Resources */,
			);
			buildRules = (
			);
			dependencies = (
				0A5803701F7A01D2000B5192 /* PBXTargetDependency */,
			);
			name = testTests;
			productName = testTests;
			productReference = 0A58036E1F7A01D2000B5192 /* testTests.xctest */;
			productType = "com.apple.product-type.bundle.unit-test";
		};
		0A5803781F7A01D2000B5192 /* testUITests */ = {
			isa = PBXNativeTarget;
			buildConfigurationList = 0A5803881F7A01D2000B5192 /* Build configuration list for PBXNativeTarget "testUITests" */;
			buildPhases = (
				72681A6C164EF8BDEB3EE50F /* [CP] Check Pods Manifest.lock */,
				0A5803751F7A01D2000B5192 /* Sources */,
				0A5803761F7A01D2000B5192 /* Frameworks */,
				0A5803771F7A01D2000B5192 /* Resources */,
			);
			buildRules = (
			);
			dependencies = (
				0A58037B1F7A01D2000B5192 /* PBXTargetDependency */,
			);
			name = testUITests;
			productName = testUITests;
			productReference = 0A5803791F7A01D2000B5192 /* testUITests.xctest */;
			productType = "com.apple.product-type.bundle.ui-testing";
		};
/* End PBXNativeTarget section */

/* Begin PBXProject section */
		0A58034E1F7A01D1000B5192 /* Project object */ = {
			isa = PBXProject;
			attributes = {
				LastUpgradeCheck = 0900;
				ORGANIZATIONNAME = wzl;
				TargetAttributes = {
					0A5803551F7A01D1000B5192 = {
						CreatedOnToolsVersion = 9.0;
						ProvisioningStyle = Automatic;
					};
					0A58036D1F7A01D2000B5192 = {
						CreatedOnToolsVersion = 9.0;
						ProvisioningStyle = Automatic;
						TestTargetID = 0A5803551F7A01D1000B5192;
					};
					0A5803781F7A01D2000B5192 = {
						CreatedOnToolsVersion = 9.0;
						ProvisioningStyle = Automatic;
						TestTargetID = 0A5803551F7A01D1000B5192;
					};
				};
			};
			buildConfigurationList = 0A5803511F7A01D1000B5192 /* Build configuration list for PBXProject "test" */;
			compatibilityVersion = "Xcode 8.0";
			developmentRegion = en;
			hasScannedForEncodings = 0;
			knownRegions = (
				en,
				Base,
			);
			mainGroup = 0A58034D1F7A01D1000B5192;
			productRefGroup = 0A5803571F7A01D1000B5192 /* Products */;
			projectDirPath = "";
			projectRoot = "";
			targets = (
				0A5803551F7A01D1000B5192 /* test */,
				0A58036D1F7A01D2000B5192 /* testTests */,
				0A5803781F7A01D2000B5192 /* testUITests */,
			);
		};
/* End PBXProject section */

/* Begin PBXResourcesBuildPhase section */
		0A5803541F7A01D1000B5192 /* Resources */ = {
			isa = PBXResourcesBuildPhase;
			buildActionMask = 2147483647;
			files = (
				0AB886F720A3E4DB003F2734 /* TestCollectionViewCell.xib in Resources */,
				0AEA6F261F90B0E1008C3E69 /* reward_icon_price_rate@2x.png in Resources */,
				0AA47AD020160DAB00242C4D /* preview_2的副本.123314.mov in Resources */,
				0A61116320E8ACEC008CE53F /* WebViewController.xib in Resources */,
				0AD77DC120E7706300330F2C /* KeyboardViewController.xib in Resources */,
				0AD77DA920E7558E00330F2C /* GestureViewController.xib in Resources */,
				0AA47AD2201610E000242C4D /* changming.png in Resources */,
				0AD77DB820E763D500330F2C /* SlideTableViewController.xib in Resources */,
				0AEA6F271F90B0E1008C3E69 /* reward_icon_price_rate@3x.png in Resources */,
				0A5803661F7A01D1000B5192 /* LaunchScreen.storyboard in Resources */,
				0A5803631F7A01D1000B5192 /* Assets.xcassets in Resources */,
				0AA47ACF20160DAB00242C4D /* preview_2.mov in Resources */,
				0A8F226F1F7B7E8200499EFD /* TestViewController.xib in Resources */,
				0AE45A971F90591D00D738F4 /* KeyWinViewController.xib in Resources */,
				0A7C409020073CED00174650 /* PhotoKitViewController.xib in Resources */,
				0A5803611F7A01D1000B5192 /* Main.storyboard in Resources */,
				0A6BD2271FD630FC00D13E33 /* APIViewController.xib in Resources */,
				0A3059431FFC6E910092DF94 /* SlideViewController.xib in Resources */,
			);
			runOnlyForDeploymentPostprocessing = 0;
		};
		0A58036C1F7A01D2000B5192 /* Resources */ = {
			isa = PBXResourcesBuildPhase;
			buildActionMask = 2147483647;
			files = (
			);
			runOnlyForDeploymentPostprocessing = 0;
		};
		0A5803771F7A01D2000B5192 /* Resources */ = {
			isa = PBXResourcesBuildPhase;
			buildActionMask = 2147483647;
			files = (
			);
			runOnlyForDeploymentPostprocessing = 0;
		};
/* End PBXResourcesBuildPhase section */

/* Begin PBXShellScriptBuildPhase section */
		72681A6C164EF8BDEB3EE50F /* [CP] Check Pods Manifest.lock */ = {
			isa = PBXShellScriptBuildPhase;
			buildActionMask = 2147483647;
			files = (
			);
			inputPaths = (
				"${PODS_PODFILE_DIR_PATH}/Podfile.lock",
				"${PODS_ROOT}/Manifest.lock",
			);
			name = "[CP] Check Pods Manifest.lock";
			outputPaths = (
				"$(DERIVED_FILE_DIR)/Pods-testUITests-checkManifestLockResult.txt",
			);
			runOnlyForDeploymentPostprocessing = 0;
			shellPath = /bin/sh;
			shellScript = "diff \"${PODS_PODFILE_DIR_PATH}/Podfile.lock\" \"${PODS_ROOT}/Manifest.lock\" > /dev/null\nif [ $? != 0 ] ; then\n    # print error to STDERR\n    echo \"error: The sandbox is not in sync with the Podfile.lock. Run 'pod install' or update your CocoaPods installation.\" >&2\n    exit 1\nfi\n# This output is used by Xcode 'outputs' to avoid re-running this script phase.\necho \"SUCCESS\" > \"${SCRIPT_OUTPUT_FILE_0}\"\n";
			showEnvVarsInLog = 0;
		};
		ACF83C56B9B6F8A63CC6195B /* [CP] Check Pods Manifest.lock */ = {
			isa = PBXShellScriptBuildPhase;
			buildActionMask = 2147483647;
			files = (
			);
			inputPaths = (
				"${PODS_PODFILE_DIR_PATH}/Podfile.lock",
				"${PODS_ROOT}/Manifest.lock",
			);
			name = "[CP] Check Pods Manifest.lock";
			outputPaths = (
				"$(DERIVED_FILE_DIR)/Pods-testTests-checkManifestLockResult.txt",
			);
			runOnlyForDeploymentPostprocessing = 0;
			shellPath = /bin/sh;
			shellScript = "diff \"${PODS_PODFILE_DIR_PATH}/Podfile.lock\" \"${PODS_ROOT}/Manifest.lock\" > /dev/null\nif [ $? != 0 ] ; then\n    # print error to STDERR\n    echo \"error: The sandbox is not in sync with the Podfile.lock. Run 'pod install' or update your CocoaPods installation.\" >&2\n    exit 1\nfi\n# This output is used by Xcode 'outputs' to avoid re-running this script phase.\necho \"SUCCESS\" > \"${SCRIPT_OUTPUT_FILE_0}\"\n";
			showEnvVarsInLog = 0;
		};
		D9B10C69BBF3D453FD435787 /* [CP] Check Pods Manifest.lock */ = {
			isa = PBXShellScriptBuildPhase;
			buildActionMask = 2147483647;
			files = (
			);
			inputPaths = (
				"${PODS_PODFILE_DIR_PATH}/Podfile.lock",
				"${PODS_ROOT}/Manifest.lock",
			);
			name = "[CP] Check Pods Manifest.lock";
			outputPaths = (
				"$(DERIVED_FILE_DIR)/Pods-test-checkManifestLockResult.txt",
			);
			runOnlyForDeploymentPostprocessing = 0;
			shellPath = /bin/sh;
			shellScript = "diff \"${PODS_PODFILE_DIR_PATH}/Podfile.lock\" \"${PODS_ROOT}/Manifest.lock\" > /dev/null\nif [ $? != 0 ] ; then\n    # print error to STDERR\n    echo \"error: The sandbox is not in sync with the Podfile.lock. Run 'pod install' or update your CocoaPods installation.\" >&2\n    exit 1\nfi\n# This output is used by Xcode 'outputs' to avoid re-running this script phase.\necho \"SUCCESS\" > \"${SCRIPT_OUTPUT_FILE_0}\"\n";
			showEnvVarsInLog = 0;
		};
/* End PBXShellScriptBuildPhase section */

/* Begin PBXSourcesBuildPhase section */
		0A5803521F7A01D1000B5192 /* Sources */ = {
			isa = PBXSourcesBuildPhase;
			buildActionMask = 2147483647;
			files = (
				0A7C408E20073CE300174650 /* PhotoKitViewController.m in Sources */,
				0A58035E1F7A01D1000B5192 /* ViewController.m in Sources */,
				0A5803691F7A01D1000B5192 /* main.m in Sources */,
				0AD77DC020E7706300330F2C /* KeyboardViewController.m in Sources */,
				0A3059421FFC6E910092DF94 /* SlideViewController.m in Sources */,
				0AD77DB220E763AE00330F2C /* MGSwipeButton.m in Sources */,
				0A9F887320E4F52400B44E68 /* TimerViewController.m in Sources */,
				0A948BE52080B6FB002BD6C7 /* NSDate+compare.m in Sources */,
				0A640F201FC6D7E600B69AFA /* GestureLabel.m in Sources */,
				0A5C56B12064B1B0009A1813 /* NSSafeMuDictionary.m in Sources */,
				0A948BDF2080B57E002BD6C7 /* NSString+formatter.m in Sources */,
				0A83D4E120DA4DCF00F8F231 /* BBSDrawView.m in Sources */,
				0AB886F220A3E49D003F2734 /* CollectionViewController.m in Sources */,
				0A768B1F2083738F0086AA40 /* JLAnimationPresentationController.m in Sources */,
				0AD77DB720E763D500330F2C /* SlideTableViewController.m in Sources */,
				0A7C408A200701F500174650 /* Person.m in Sources */,
				0AD77DBB20E76B7600330F2C /* SlideData.m in Sources */,
				0A2E0C01206BD2A20061953B /* UIDevice+Addtion.m in Sources */,
				0A6BCCE01FBABF5700D327AE /* IMBoard.m in Sources */,
				0A5C56B42064CF2F009A1813 /* SafeArrayTool.m in Sources */,
				0A640F1D1FC6D37100B69AFA /* GestureViewController.m in Sources */,
				0A58035B1F7A01D1000B5192 /* AppDelegate.m in Sources */,
				0A36886F20E6482E0077BA89 /* GCDViewController.m in Sources */,
				0A5803931F7A0282000B5192 /* MehtodSignature.m in Sources */,
				0A6BD2261FD630FC00D13E33 /* APIViewController.m in Sources */,
				0A5D45D02063578900DC78F7 /* DBTool.m in Sources */,
				0AD0FEA520614F5D006678F4 /* SingleModel.m in Sources */,
				0A30594B1FFC87920092DF94 /* NSObject+DLIntrospection.m in Sources */,
				0AB886F620A3E4DB003F2734 /* TestCollectionViewCell.m in Sources */,
				0AD77DB120E763AE00330F2C /* MGSwipeTableCell.m in Sources */,
				0A976BB920DB390F00BDE153 /* UIView+Corner.m in Sources */,
				0A3059471FFC800C0092DF94 /* JLNavigationController.m in Sources */,
				0AE45A961F90591D00D738F4 /* KeyWinViewController.m in Sources */,
				0A826D5C20DFD4C000338617 /* TVViewController.m in Sources */,
				0A5CA3401FECA77900EC170F /* Animal.m in Sources */,
				0A4F5B1E1F9EDD6C00140E82 /* JLGradientButton.m in Sources */,
				0A5604651FF5E3C800A42929 /* ResponderView.m in Sources */,
				0A36AF8721EC21E7005E2105 /* NSString+Addition.m in Sources */,
				0A768B1C208369850086AA40 /* JLPresentAnimation.m in Sources */,
				0A61116220E8ACEC008CE53F /* WebViewController.m in Sources */,
				0A8F226E1F7B7E8200499EFD /* TestViewController.m in Sources */,
				0AC0ACA920BFBD5D00D3185E /* PlayerViewController.m in Sources */,
			);
			runOnlyForDeploymentPostprocessing = 0;
		};
		0A58036A1F7A01D2000B5192 /* Sources */ = {
			isa = PBXSourcesBuildPhase;
			buildActionMask = 2147483647;
			files = (
				0A5803731F7A01D2000B5192 /* testTests.m in Sources */,
				0A36AF8921EC224F005E2105 /* NSStringAdditionTests.m in Sources */,
				0A948BE72080B7B5002BD6C7 /* testDate.m in Sources */,
				0ABA452121E874CA007DA894 /* MehtodSignature.m in Sources */,
				0A36AF8A21EC225D005E2105 /* NSString+Addition.m in Sources */,
			);
			runOnlyForDeploymentPostprocessing = 0;
		};
		0A5803751F7A01D2000B5192 /* Sources */ = {
			isa = PBXSourcesBuildPhase;
			buildActionMask = 2147483647;
			files = (
				0A58037E1F7A01D2000B5192 /* testUITests.m in Sources */,
			);
			runOnlyForDeploymentPostprocessing = 0;
		};
/* End PBXSourcesBuildPhase section */

/* Begin PBXTargetDependency section */
		0A5803701F7A01D2000B5192 /* PBXTargetDependency */ = {
			isa = PBXTargetDependency;
			target = 0A5803551F7A01D1000B5192 /* test */;
			targetProxy = 0A58036F1F7A01D2000B5192 /* PBXContainerItemProxy */;
		};
		0A58037B1F7A01D2000B5192 /* PBXTargetDependency */ = {
			isa = PBXTargetDependency;
			target = 0A5803551F7A01D1000B5192 /* test */;
			targetProxy = 0A58037A1F7A01D2000B5192 /* PBXContainerItemProxy */;
		};
/* End PBXTargetDependency section */

/* Begin PBXVariantGroup section */
		0A58035F1F7A01D1000B5192 /* Main.storyboard */ = {
			isa = PBXVariantGroup;
			children = (
				0A5803601F7A01D1000B5192 /* Base */,
			);
			name = Main.storyboard;
			sourceTree = "<group>";
		};
		0A5803641F7A01D1000B5192 /* LaunchScreen.storyboard */ = {
			isa = PBXVariantGroup;
			children = (
				0A5803651F7A01D1000B5192 /* Base */,
			);
			name = LaunchScreen.storyboard;
			sourceTree = "<group>";
		};
/* End PBXVariantGroup section */

/* Begin XCBuildConfiguration section */
		0A5803801F7A01D2000B5192 /* Debug */ = {
			isa = XCBuildConfiguration;
			buildSettings = {
				ALWAYS_SEARCH_USER_PATHS = NO;
				CLANG_ANALYZER_NONNULL = YES;
				CLANG_ANALYZER_NUMBER_OBJECT_CONVERSION = YES_AGGRESSIVE;
				CLANG_CXX_LANGUAGE_STANDARD = "gnu++14";
				CLANG_CXX_LIBRARY = "libc++";
				CLANG_ENABLE_MODULES = YES;
				CLANG_ENABLE_OBJC_ARC = YES;
				CLANG_WARN_BLOCK_CAPTURE_AUTORELEASING = YES;
				CLANG_WARN_BOOL_CONVERSION = YES;
				CLANG_WARN_COMMA = YES;
				CLANG_WARN_CONSTANT_CONVERSION = YES;
				CLANG_WARN_DIRECT_OBJC_ISA_USAGE = YES_ERROR;
				CLANG_WARN_DOCUMENTATION_COMMENTS = YES;
				CLANG_WARN_EMPTY_BODY = YES;
				CLANG_WARN_ENUM_CONVERSION = YES;
				CLANG_WARN_INFINITE_RECURSION = YES;
				CLANG_WARN_INT_CONVERSION = YES;
				CLANG_WARN_NON_LITERAL_NULL_CONVERSION = YES;
				CLANG_WARN_OBJC_LITERAL_CONVERSION = YES;
				CLANG_WARN_OBJC_ROOT_CLASS = YES_ERROR;
				CLANG_WARN_RANGE_LOOP_ANALYSIS = YES;
				CLANG_WARN_STRICT_PROTOTYPES = YES;
				CLANG_WARN_SUSPICIOUS_MOVE = YES;
				CLANG_WARN_UNGUARDED_AVAILABILITY = YES_AGGRESSIVE;
				CLANG_WARN_UNREACHABLE_CODE = YES;
				CLANG_WARN__DUPLICATE_METHOD_MATCH = YES;
				CODE_SIGN_IDENTITY = "iPhone Developer";
				COPY_PHASE_STRIP = NO;
				DEBUG_INFORMATION_FORMAT = dwarf;
				ENABLE_STRICT_OBJC_MSGSEND = YES;
				ENABLE_TESTABILITY = YES;
				GCC_C_LANGUAGE_STANDARD = gnu11;
				GCC_DYNAMIC_NO_PIC = NO;
				GCC_NO_COMMON_BLOCKS = YES;
				GCC_OPTIMIZATION_LEVEL = 0;
				GCC_PREPROCESSOR_DEFINITIONS = (
					"DEBUG=1",
					"$(inherited)",
				);
				GCC_WARN_64_TO_32_BIT_CONVERSION = YES;
				GCC_WARN_ABOUT_RETURN_TYPE = YES_ERROR;
				GCC_WARN_UNDECLARED_SELECTOR = YES;
				GCC_WARN_UNINITIALIZED_AUTOS = YES_AGGRESSIVE;
				GCC_WARN_UNUSED_FUNCTION = YES;
				GCC_WARN_UNUSED_VARIABLE = YES;
				IPHONEOS_DEPLOYMENT_TARGET = 11.0;
				MTL_ENABLE_DEBUG_INFO = YES;
				ONLY_ACTIVE_ARCH = YES;
				SDKROOT = iphoneos;
			};
			name = Debug;
		};
		0A5803811F7A01D2000B5192 /* Release */ = {
			isa = XCBuildConfiguration;
			buildSettings = {
				ALWAYS_SEARCH_USER_PATHS = NO;
				CLANG_ANALYZER_NONNULL = YES;
				CLANG_ANALYZER_NUMBER_OBJECT_CONVERSION = YES_AGGRESSIVE;
				CLANG_CXX_LANGUAGE_STANDARD = "gnu++14";
				CLANG_CXX_LIBRARY = "libc++";
				CLANG_ENABLE_MODULES = YES;
				CLANG_ENABLE_OBJC_ARC = YES;
				CLANG_WARN_BLOCK_CAPTURE_AUTORELEASING = YES;
				CLANG_WARN_BOOL_CONVERSION = YES;
				CLANG_WARN_COMMA = YES;
				CLANG_WARN_CONSTANT_CONVERSION = YES;
				CLANG_WARN_DIRECT_OBJC_ISA_USAGE = YES_ERROR;
				CLANG_WARN_DOCUMENTATION_COMMENTS = YES;
				CLANG_WARN_EMPTY_BODY = YES;
				CLANG_WARN_ENUM_CONVERSION = YES;
				CLANG_WARN_INFINITE_RECURSION = YES;
				CLANG_WARN_INT_CONVERSION = YES;
				CLANG_WARN_NON_LITERAL_NULL_CONVERSION = YES;
				CLANG_WARN_OBJC_LITERAL_CONVERSION = YES;
				CLANG_WARN_OBJC_ROOT_CLASS = YES_ERROR;
				CLANG_WARN_RANGE_LOOP_ANALYSIS = YES;
				CLANG_WARN_STRICT_PROTOTYPES = YES;
				CLANG_WARN_SUSPICIOUS_MOVE = YES;
				CLANG_WARN_UNGUARDED_AVAILABILITY = YES_AGGRESSIVE;
				CLANG_WARN_UNREACHABLE_CODE = YES;
				CLANG_WARN__DUPLICATE_METHOD_MATCH = YES;
				CODE_SIGN_IDENTITY = "iPhone Developer";
				COPY_PHASE_STRIP = NO;
				DEBUG_INFORMATION_FORMAT = "dwarf-with-dsym";
				ENABLE_NS_ASSERTIONS = NO;
				ENABLE_STRICT_OBJC_MSGSEND = YES;
				GCC_C_LANGUAGE_STANDARD = gnu11;
				GCC_NO_COMMON_BLOCKS = YES;
				GCC_WARN_64_TO_32_BIT_CONVERSION = YES;
				GCC_WARN_ABOUT_RETURN_TYPE = YES_ERROR;
				GCC_WARN_UNDECLARED_SELECTOR = YES;
				GCC_WARN_UNINITIALIZED_AUTOS = YES_AGGRESSIVE;
				GCC_WARN_UNUSED_FUNCTION = YES;
				GCC_WARN_UNUSED_VARIABLE = YES;
				IPHONEOS_DEPLOYMENT_TARGET = 11.0;
				MTL_ENABLE_DEBUG_INFO = NO;
				SDKROOT = iphoneos;
				VALIDATE_PRODUCT = YES;
			};
			name = Release;
		};
		0A5803831F7A01D2000B5192 /* Debug */ = {
			isa = XCBuildConfiguration;
			baseConfigurationReference = BC59F9B515C507BDB49D08C7 /* Pods-test.debug.xcconfig */;
			buildSettings = {
				ASSETCATALOG_COMPILER_APPICON_NAME = AppIcon;
				CODE_SIGN_STYLE = Automatic;
				DEVELOPMENT_TEAM = 294Q8452TK;
				ENABLE_STRICT_OBJC_MSGSEND = NO;
				GCC_PREFIX_HEADER = "$(SRCROOT)/test/Others/PrefixHeader.pch";
				INFOPLIST_FILE = test/Info.plist;
				IPHONEOS_DEPLOYMENT_TARGET = 11.0;
				LD_RUNPATH_SEARCH_PATHS = "$(inherited) @executable_path/Frameworks";
				PRODUCT_BUNDLE_IDENTIFIER = com.jaly.www.test;
				PRODUCT_NAME = "$(TARGET_NAME)";
				TARGETED_DEVICE_FAMILY = "1,2";
			};
			name = Debug;
		};
		0A5803841F7A01D2000B5192 /* Release */ = {
			isa = XCBuildConfiguration;
			baseConfigurationReference = C8988A2F64F2CB05F2D40D45 /* Pods-test.release.xcconfig */;
			buildSettings = {
				ASSETCATALOG_COMPILER_APPICON_NAME = AppIcon;
				CODE_SIGN_STYLE = Automatic;
				DEVELOPMENT_TEAM = 294Q8452TK;
				ENABLE_STRICT_OBJC_MSGSEND = NO;
				GCC_PREFIX_HEADER = "$(SRCROOT)/test/Others/PrefixHeader.pch";
				INFOPLIST_FILE = test/Info.plist;
				IPHONEOS_DEPLOYMENT_TARGET = 11.0;
				LD_RUNPATH_SEARCH_PATHS = "$(inherited) @executable_path/Frameworks";
				PRODUCT_BUNDLE_IDENTIFIER = com.jaly.www.test;
				PRODUCT_NAME = "$(TARGET_NAME)";
				TARGETED_DEVICE_FAMILY = "1,2";
			};
			name = Release;
		};
		0A5803861F7A01D2000B5192 /* Debug */ = {
			isa = XCBuildConfiguration;
			baseConfigurationReference = 6927F71FA297A680369A11EE /* Pods-testTests.debug.xcconfig */;
			buildSettings = {
				BUNDLE_LOADER = "$(TEST_HOST)";
				CODE_SIGN_STYLE = Automatic;
				DEVELOPMENT_TEAM = Y49U8RX2F5;
				INFOPLIST_FILE = testTests/Info.plist;
				LD_RUNPATH_SEARCH_PATHS = "$(inherited) @executable_path/Frameworks @loader_path/Frameworks";
				PRODUCT_BUNDLE_IDENTIFIER = com.jaly.www.extension.testTests;
				PRODUCT_NAME = "$(TARGET_NAME)";
				TARGETED_DEVICE_FAMILY = "1,2";
				TEST_HOST = "$(BUILT_PRODUCTS_DIR)/test.app/test";
			};
			name = Debug;
		};
		0A5803871F7A01D2000B5192 /* Release */ = {
			isa = XCBuildConfiguration;
			baseConfigurationReference = 4B446E73B49F3536C4317056 /* Pods-testTests.release.xcconfig */;
			buildSettings = {
				BUNDLE_LOADER = "$(TEST_HOST)";
				CODE_SIGN_STYLE = Automatic;
				DEVELOPMENT_TEAM = Y49U8RX2F5;
				INFOPLIST_FILE = testTests/Info.plist;
				LD_RUNPATH_SEARCH_PATHS = "$(inherited) @executable_path/Frameworks @loader_path/Frameworks";
				PRODUCT_BUNDLE_IDENTIFIER = com.jaly.www.extension.testTests;
				PRODUCT_NAME = "$(TARGET_NAME)";
				TARGETED_DEVICE_FAMILY = "1,2";
				TEST_HOST = "$(BUILT_PRODUCTS_DIR)/test.app/test";
			};
			name = Release;
		};
		0A5803891F7A01D2000B5192 /* Debug */ = {
			isa = XCBuildConfiguration;
			baseConfigurationReference = 2AA8B6331C093CDC6CBEA45B /* Pods-testUITests.debug.xcconfig */;
			buildSettings = {
				CODE_SIGN_STYLE = Automatic;
				DEVELOPMENT_TEAM = Y49U8RX2F5;
				INFOPLIST_FILE = testUITests/Info.plist;
				LD_RUNPATH_SEARCH_PATHS = "$(inherited) @executable_path/Frameworks @loader_path/Frameworks";
				PRODUCT_BUNDLE_IDENTIFIER = com.jaly.www.extension.testUITests;
				PRODUCT_NAME = "$(TARGET_NAME)";
				TARGETED_DEVICE_FAMILY = "1,2";
				TEST_TARGET_NAME = test;
			};
			name = Debug;
		};
		0A58038A1F7A01D2000B5192 /* Release */ = {
			isa = XCBuildConfiguration;
			baseConfigurationReference = 0FCB9083A04B080CBBDD9434 /* Pods-testUITests.release.xcconfig */;
			buildSettings = {
				CODE_SIGN_STYLE = Automatic;
				DEVELOPMENT_TEAM = Y49U8RX2F5;
				INFOPLIST_FILE = testUITests/Info.plist;
				LD_RUNPATH_SEARCH_PATHS = "$(inherited) @executable_path/Frameworks @loader_path/Frameworks";
				PRODUCT_BUNDLE_IDENTIFIER = com.jaly.www.extension.testUITests;
				PRODUCT_NAME = "$(TARGET_NAME)";
				TARGETED_DEVICE_FAMILY = "1,2";
				TEST_TARGET_NAME = test;
			};
			name = Release;
		};
/* End XCBuildConfiguration section */

/* Begin XCConfigurationList section */
		0A5803511F7A01D1000B5192 /* Build configuration list for PBXProject "test" */ = {
			isa = XCConfigurationList;
			buildConfigurations = (
				0A5803801F7A01D2000B5192 /* Debug */,
				0A5803811F7A01D2000B5192 /* Release */,
			);
			defaultConfigurationIsVisible = 0;
			defaultConfigurationName = Release;
		};
		0A5803821F7A01D2000B5192 /* Build configuration list for PBXNativeTarget "test" */ = {
			isa = XCConfigurationList;
			buildConfigurations = (
				0A5803831F7A01D2000B5192 /* Debug */,
				0A5803841F7A01D2000B5192 /* Release */,
			);
			defaultConfigurationIsVisible = 0;
			defaultConfigurationName = Release;
		};
		0A5803851F7A01D2000B5192 /* Build configuration list for PBXNativeTarget "testTests" */ = {
			isa = XCConfigurationList;
			buildConfigurations = (
				0A5803861F7A01D2000B5192 /* Debug */,
				0A5803871F7A01D2000B5192 /* Release */,
			);
			defaultConfigurationIsVisible = 0;
			defaultConfigurationName = Release;
		};
		0A5803881F7A01D2000B5192 /* Build configuration list for PBXNativeTarget "testUITests" */ = {
			isa = XCConfigurationList;
			buildConfigurations = (
				0A5803891F7A01D2000B5192 /* Debug */,
				0A58038A1F7A01D2000B5192 /* Release */,
			);
			defaultConfigurationIsVisible = 0;
			defaultConfigurationName = Release;
		};
/* End XCConfigurationList section */
	};
	rootObject = 0A58034E1F7A01D1000B5192 /* Project object */;
}
